
Microsoft Visual Studio Solution File, Format Version 12.00
# Visual Studio 15
VisualStudioVersion = 15.0.28307.572
MinimumVisualStudioVersion = 10.0.40219.1
Project("{FAE04EC0-301F-11D3-BF4B-00C04F79EFBC}") = "MyAppWebApi.Apis", "MyAppWebApi.Apis\MyAppWebApi.Apis.csproj", "{65D8E82B-032C-4E63-B6E6-DB27D298DDC6}"
EndProject
Project("{FAE04EC0-301F-11D3-BF4B-00C04F79EFBC}") = "MyAppWebApi.UI", "MyAppWebApi.UI\MyAppWebApi.UI.csproj", "{8CD076FD-3D9F-4EAA-B34D-EA68435B2CE6}"
EndProject
Global
	GlobalSection(SolutionConfigurationPlatforms) = preSolution
		Debug|Any CPU = Debug|Any CPU
		Release|Any CPU = Release|Any CPU
	EndGlobalSection
	GlobalSection(ProjectConfigurationPlatforms) = postSolution
		{65D8E82B-032C-4E63-B6E6-DB27D298DDC6}.Debug|Any CPU.ActiveCfg = Debug|Any CPU
		{65D8E82B-032C-4E63-B6E6-DB27D298DDC6}.Debug|Any CPU.Build.0 = Debug|Any CPU
		{65D8E82B-032C-4E63-B6E6-DB27D298DDC6}.Release|Any CPU.ActiveCfg = Release|Any CPU
		{65D8E82B-032C-4E63-B6E6-DB27D298DDC6}.Release|Any CPU.Build.0 = Release|Any CPU
		{8CD076FD-3D9F-4EAA-B34D-EA68435B2CE6}.Debug|Any CPU.ActiveCfg = Debug|Any CPU
		{8CD076FD-3D9F-4EAA-B34D-EA68435B2CE6}.Debug|Any CPU.Build.0 = Debug|Any CPU
		{8CD076FD-3D9F-4EAA-B34D-EA68435B2CE6}.Release|Any CPU.ActiveCfg = Release|Any CPU
		{8CD076FD-3D9F-4EAA-B34D-EA68435B2CE6}.Release|Any CPU.Build.0 = Release|Any CPU
	EndGlobalSection
	GlobalSection(SolutionProperties) = preSolution
		HideSolutionNode = FALSE
	EndGlobalSection
	GlobalSection(ExtensibilityGlobals) = postSolution
		SolutionGuid = {E6AF7B09-73BF-4AC0-B1DF-CBCC3558198C}
	EndGlobalSection
EndGlobal
